
Microsoft Visual Studio Solution File, Format Version 12.00
# Visual Studio Version 17
VisualStudioVersion = 17.14.36623.8 d17.14
MinimumVisualStudioVersion = 10.0.40219.1
Project("{FAE04EC0-301F-11D3-BF4B-00C04F79EFBC}") = "HospitalManagement", "HospitalManagement\HospitalManagement.csproj", "{4090B6CA-8BAB-4E65-A40D-13DDE3F6FFBD}"
EndProject
Global
	GlobalSection(SolutionConfigurationPlatforms) = preSolution
		Debug|Any CPU = Debug|Any CPU
		Release|Any CPU = Release|Any CPU
	EndGlobalSection
	GlobalSection(ProjectConfigurationPlatforms) = postSolution
		{4090B6CA-8BAB-4E65-A40D-13DDE3F6FFBD}.Debug|Any CPU.ActiveCfg = Debug|Any CPU
		{4090B6CA-8BAB-4E65-A40D-13DDE3F6FFBD}.Debug|Any CPU.Build.0 = Debug|Any CPU
		{4090B6CA-8BAB-4E65-A40D-13DDE3F6FFBD}.Release|Any CPU.ActiveCfg = Release|Any CPU
		{4090B6CA-8BAB-4E65-A40D-13DDE3F6FFBD}.Release|Any CPU.Build.0 = Release|Any CPU
	EndGlobalSection
	GlobalSection(SolutionProperties) = preSolution
		HideSolutionNode = FALSE
	EndGlobalSection
	GlobalSection(ExtensibilityGlobals) = postSolution
		SolutionGuid = {FEC8AA1F-AB39-4395-B947-2DC95CCBBD52}
	EndGlobalSection
EndGlobal
